
Microsoft Visual Studio Solution File, Format Version 12.00
# Visual Studio Version 16
VisualStudioVersion = 16.0.30517.126
MinimumVisualStudioVersion = 10.0.40219.1
Project("{FAE04EC0-301F-11D3-BF4B-00C04F79EFBC}") = "DataFromFile", "DataFromFile\DataFromFile.csproj", "{ABF49862-4FD8-4486-A9A3-019FE49BF65E}"
EndProject
Global
	GlobalSection(SolutionConfigurationPlatforms) = preSolution
		Debug|Any CPU = Debug|Any CPU
		Release|Any CPU = Release|Any CPU
	EndGlobalSection
	GlobalSection(ProjectConfigurationPlatforms) = postSolution
		{ABF49862-4FD8-4486-A9A3-019FE49BF65E}.Debug|Any CPU.ActiveCfg = Debug|Any CPU
		{ABF49862-4FD8-4486-A9A3-019FE49BF65E}.Debug|Any CPU.Build.0 = Debug|Any CPU
		{ABF49862-4FD8-4486-A9A3-019FE49BF65E}.Release|Any CPU.ActiveCfg = Release|Any CPU
		{ABF49862-4FD8-4486-A9A3-019FE49BF65E}.Release|Any CPU.Build.0 = Release|Any CPU
	EndGlobalSection
	GlobalSection(SolutionProperties) = preSolution
		HideSolutionNode = FALSE
	EndGlobalSection
	GlobalSection(ExtensibilityGlobals) = postSolution
		SolutionGuid = {48D7FE49-CF9A-4FE4-8713-09ABB26BF0A3}
	EndGlobalSection
EndGlobal
