
Microsoft Visual Studio Solution File, Format Version 12.00
# Visual Studio Version 16
VisualStudioVersion = 16.0.30517.126
MinimumVisualStudioVersion = 10.0.40219.1
Project("{FAE04EC0-301F-11D3-BF4B-00C04F79EFBC}") = "KiviPaberKäärid", "KiviPaberKäärid\KiviPaberKäärid.csproj", "{9EEED820-FA6B-4701-9FAC-8399750DCAE8}"
EndProject
Global
	GlobalSection(SolutionConfigurationPlatforms) = preSolution
		Debug|Any CPU = Debug|Any CPU
		Release|Any CPU = Release|Any CPU
	EndGlobalSection
	GlobalSection(ProjectConfigurationPlatforms) = postSolution
		{9EEED820-FA6B-4701-9FAC-8399750DCAE8}.Debug|Any CPU.ActiveCfg = Debug|Any CPU
		{9EEED820-FA6B-4701-9FAC-8399750DCAE8}.Debug|Any CPU.Build.0 = Debug|Any CPU
		{9EEED820-FA6B-4701-9FAC-8399750DCAE8}.Release|Any CPU.ActiveCfg = Release|Any CPU
		{9EEED820-FA6B-4701-9FAC-8399750DCAE8}.Release|Any CPU.Build.0 = Release|Any CPU
	EndGlobalSection
	GlobalSection(SolutionProperties) = preSolution
		HideSolutionNode = FALSE
	EndGlobalSection
	GlobalSection(ExtensibilityGlobals) = postSolution
		SolutionGuid = {831A4252-8C76-493A-86C8-32F46424D1AC}
	EndGlobalSection
EndGlobal
